
Microsoft Visual Studio Solution File, Format Version 12.00
# Visual Studio Version 17
VisualStudioVersion = 17.9.34701.34
MinimumVisualStudioVersion = 10.0.40219.1
Project("{2150E333-8FDC-42A3-9474-1A3956D46DE8}") = "01", "01", "{A72F20BB-39FA-43E8-B1DE-5E6C8152B031}"
EndProject
Project("{9A19103F-16F7-4668-BE54-9A1E7A4F7556}") = "ConsoleApp01", "ConsoleApp01\ConsoleApp01.csproj", "{513E20AF-5E45-4E1B-BE88-3722F3AAAB51}"
EndProject
Project("{9A19103F-16F7-4668-BE54-9A1E7A4F7556}") = "ConsoleApp01.Entidades", "ConsoleApp01.Entidades\ConsoleApp01.Entidades.csproj", "{E59E657C-EA7A-434D-97A8-9AF57EE00508}"
EndProject
Project("{2150E333-8FDC-42A3-9474-1A3956D46DE8}") = "02", "02", "{B3BC2783-9209-4457-AF20-0483D5EE8AD1}"
EndProject
Project("{9A19103F-16F7-4668-BE54-9A1E7A4F7556}") = "ConsoleApp02", "ConsoleApp02\ConsoleApp02.csproj", "{BB934E01-A538-4FF0-BCC1-745C96DCFB72}"
EndProject
Project("{9A19103F-16F7-4668-BE54-9A1E7A4F7556}") = "ConsoleApp02.Entidades", "ConsoleApp02.Entidades\ConsoleApp02.Entidades.csproj", "{558DFDE9-7739-4705-8BE2-D7DE3068BAA1}"
EndProject
Project("{2150E333-8FDC-42A3-9474-1A3956D46DE8}") = "03", "03", "{5EE45345-3FDC-48EA-9D1A-4F9EFDF95E9D}"
EndProject
Project("{9A19103F-16F7-4668-BE54-9A1E7A4F7556}") = "ConsoleApp03.Consola", "ConsoleApp03.Consola\ConsoleApp03.Consola.csproj", "{605C3E52-AFE3-47CF-9CE7-44BB63568272}"
EndProject
Project("{9A19103F-16F7-4668-BE54-9A1E7A4F7556}") = "ConsoleApp03.Entidades", "ConsoleApp03.Entidades\ConsoleApp03.Entidades.csproj", "{102BD0E3-E3CD-4C12-AC93-6DF2417D7D7C}"
EndProject
Project("{2150E333-8FDC-42A3-9474-1A3956D46DE8}") = "04", "04", "{89DED25E-8198-4931-9529-D47F968D07F1}"
EndProject
Project("{9A19103F-16F7-4668-BE54-9A1E7A4F7556}") = "ConsoleApp04.Consola", "ConsoleApp04.Consola\ConsoleApp04.Consola.csproj", "{9699290E-807A-4ECC-AF9F-DBC70AECB3C3}"
EndProject
Project("{9A19103F-16F7-4668-BE54-9A1E7A4F7556}") = "ConsoleApp04.Entidades", "ConsoleApp04.Entidades\ConsoleApp04.Entidades.csproj", "{5B12B000-DC5E-4A44-8ABD-7C0924ED660F}"
EndProject
Project("{2150E333-8FDC-42A3-9474-1A3956D46DE8}") = "05", "05", "{CB25C466-C8E0-4E19-8541-A0EC531F78E9}"
EndProject
Project("{9A19103F-16F7-4668-BE54-9A1E7A4F7556}") = "ConsoleApp05.Consola", "ConsoleApp05.Consola\ConsoleApp05.Consola.csproj", "{EAE11EE5-9C45-46E5-8556-3542872C0DF9}"
EndProject
Project("{9A19103F-16F7-4668-BE54-9A1E7A4F7556}") = "ConsoleApp05.Entidades", "ConsoleApp05.Entidades\ConsoleApp05.Entidades.csproj", "{3102E726-7434-4995-98C8-754FC965A928}"
EndProject
Project("{2150E333-8FDC-42A3-9474-1A3956D46DE8}") = "06", "06", "{E3C5E928-B46B-4446-9007-F803C7493694}"
EndProject
Project("{9A19103F-16F7-4668-BE54-9A1E7A4F7556}") = "ConsoleApp06.Consola", "ConsoleApp06.Consola\ConsoleApp06.Consola.csproj", "{976FDB35-B451-4754-A820-A9B225638254}"
EndProject
Project("{9A19103F-16F7-4668-BE54-9A1E7A4F7556}") = "ConsoleApp06.Entidades", "ConsoleApp06.Entidades\ConsoleApp06.Entidades.csproj", "{12092702-373A-4C92-A31B-2DB9DFB3CBED}"
EndProject
Project("{2150E333-8FDC-42A3-9474-1A3956D46DE8}") = "07", "07", "{D944EEBD-BD38-4254-A2ED-40C13713A5A8}"
EndProject
Project("{9A19103F-16F7-4668-BE54-9A1E7A4F7556}") = "ConsoleApp07.Consola", "ConsoleApp07.Consola\ConsoleApp07.Consola.csproj", "{71F863E2-AD2E-49A3-BA2B-8007327811A2}"
EndProject
Project("{9A19103F-16F7-4668-BE54-9A1E7A4F7556}") = "ConsoleApp07.Entidades", "ConsoleApp07.Entidades\ConsoleApp07.Entidades.csproj", "{8CAFFBC4-B076-43CC-9D75-FFCCDAA17275}"
EndProject
Project("{9A19103F-16F7-4668-BE54-9A1E7A4F7556}") = "ConsoleApp01.Test", "ConsoleApp01.Test\ConsoleApp01.Test.csproj", "{B9AEDD22-103F-4448-B68D-9857983AFD6A}"
EndProject
Project("{FAE04EC0-301F-11D3-BF4B-00C04F79EFBC}") = "ConsoleApp02.Testing", "ConsoleApp02.Testing\ConsoleApp02.Testing.csproj", "{689940B1-5792-4934-927A-515B00F84AF7}"
EndProject
Project("{FAE04EC0-301F-11D3-BF4B-00C04F79EFBC}") = "ConsoleApp03.Testing", "ConsoleApp03.Testing\ConsoleApp03.Testing.csproj", "{CB68C26A-8789-4101-BA7D-A09E4695C2C2}"
EndProject
Project("{FAE04EC0-301F-11D3-BF4B-00C04F79EFBC}") = "ConsoleApp04.Testing", "ConsoleApp04.Testing\ConsoleApp04.Testing.csproj", "{F535CDF3-AA31-45AE-AACF-F62E38995F55}"
EndProject
Project("{FAE04EC0-301F-11D3-BF4B-00C04F79EFBC}") = "ConsoleApp05.Testing", "ConsoleApp05.Testing\ConsoleApp05.Testing.csproj", "{0DFF5902-A5C3-41F8-B1B2-B82FDD7D58C0}"
EndProject
Project("{FAE04EC0-301F-11D3-BF4B-00C04F79EFBC}") = "ConsoleApp06.Testing", "ConsoleApp06.Testing\ConsoleApp06.Testing.csproj", "{B79E8087-192F-478D-A30D-7DC45663DD75}"
EndProject
Project("{FAE04EC0-301F-11D3-BF4B-00C04F79EFBC}") = "ConsoleApp07.Testing", "ConsoleApp07.Testing\ConsoleApp07.Testing.csproj", "{D6F28E00-D467-41C4-B417-5A43CF145D26}"
EndProject
Global
	GlobalSection(SolutionConfigurationPlatforms) = preSolution
		Debug|Any CPU = Debug|Any CPU
		Release|Any CPU = Release|Any CPU
	EndGlobalSection
	GlobalSection(ProjectConfigurationPlatforms) = postSolution
		{513E20AF-5E45-4E1B-BE88-3722F3AAAB51}.Debug|Any CPU.ActiveCfg = Debug|Any CPU
		{513E20AF-5E45-4E1B-BE88-3722F3AAAB51}.Debug|Any CPU.Build.0 = Debug|Any CPU
		{513E20AF-5E45-4E1B-BE88-3722F3AAAB51}.Release|Any CPU.ActiveCfg = Release|Any CPU
		{513E20AF-5E45-4E1B-BE88-3722F3AAAB51}.Release|Any CPU.Build.0 = Release|Any CPU
		{E59E657C-EA7A-434D-97A8-9AF57EE00508}.Debug|Any CPU.ActiveCfg = Debug|Any CPU
		{E59E657C-EA7A-434D-97A8-9AF57EE00508}.Debug|Any CPU.Build.0 = Debug|Any CPU
		{E59E657C-EA7A-434D-97A8-9AF57EE00508}.Release|Any CPU.ActiveCfg = Release|Any CPU
		{E59E657C-EA7A-434D-97A8-9AF57EE00508}.Release|Any CPU.Build.0 = Release|Any CPU
		{BB934E01-A538-4FF0-BCC1-745C96DCFB72}.Debug|Any CPU.ActiveCfg = Debug|Any CPU
		{BB934E01-A538-4FF0-BCC1-745C96DCFB72}.Debug|Any CPU.Build.0 = Debug|Any CPU
		{BB934E01-A538-4FF0-BCC1-745C96DCFB72}.Release|Any CPU.ActiveCfg = Release|Any CPU
		{BB934E01-A538-4FF0-BCC1-745C96DCFB72}.Release|Any CPU.Build.0 = Release|Any CPU
		{558DFDE9-7739-4705-8BE2-D7DE3068BAA1}.Debug|Any CPU.ActiveCfg = Debug|Any CPU
		{558DFDE9-7739-4705-8BE2-D7DE3068BAA1}.Debug|Any CPU.Build.0 = Debug|Any CPU
		{558DFDE9-7739-4705-8BE2-D7DE3068BAA1}.Release|Any CPU.ActiveCfg = Release|Any CPU
		{558DFDE9-7739-4705-8BE2-D7DE3068BAA1}.Release|Any CPU.Build.0 = Release|Any CPU
		{605C3E52-AFE3-47CF-9CE7-44BB63568272}.Debug|Any CPU.ActiveCfg = Debug|Any CPU
		{605C3E52-AFE3-47CF-9CE7-44BB63568272}.Debug|Any CPU.Build.0 = Debug|Any CPU
		{605C3E52-AFE3-47CF-9CE7-44BB63568272}.Release|Any CPU.ActiveCfg = Release|Any CPU
		{605C3E52-AFE3-47CF-9CE7-44BB63568272}.Release|Any CPU.Build.0 = Release|Any CPU
		{102BD0E3-E3CD-4C12-AC93-6DF2417D7D7C}.Debug|Any CPU.ActiveCfg = Debug|Any CPU
		{102BD0E3-E3CD-4C12-AC93-6DF2417D7D7C}.Debug|Any CPU.Build.0 = Debug|Any CPU
		{102BD0E3-E3CD-4C12-AC93-6DF2417D7D7C}.Release|Any CPU.ActiveCfg = Release|Any CPU
		{102BD0E3-E3CD-4C12-AC93-6DF2417D7D7C}.Release|Any CPU.Build.0 = Release|Any CPU
		{9699290E-807A-4ECC-AF9F-DBC70AECB3C3}.Debug|Any CPU.ActiveCfg = Debug|Any CPU
		{9699290E-807A-4ECC-AF9F-DBC70AECB3C3}.Debug|Any CPU.Build.0 = Debug|Any CPU
		{9699290E-807A-4ECC-AF9F-DBC70AECB3C3}.Release|Any CPU.ActiveCfg = Release|Any CPU
		{9699290E-807A-4ECC-AF9F-DBC70AECB3C3}.Release|Any CPU.Build.0 = Release|Any CPU
		{5B12B000-DC5E-4A44-8ABD-7C0924ED660F}.Debug|Any CPU.ActiveCfg = Debug|Any CPU
		{5B12B000-DC5E-4A44-8ABD-7C0924ED660F}.Debug|Any CPU.Build.0 = Debug|Any CPU
		{5B12B000-DC5E-4A44-8ABD-7C0924ED660F}.Release|Any CPU.ActiveCfg = Release|Any CPU
		{5B12B000-DC5E-4A44-8ABD-7C0924ED660F}.Release|Any CPU.Build.0 = Release|Any CPU
		{EAE11EE5-9C45-46E5-8556-3542872C0DF9}.Debug|Any CPU.ActiveCfg = Debug|Any CPU
		{EAE11EE5-9C45-46E5-8556-3542872C0DF9}.Debug|Any CPU.Build.0 = Debug|Any CPU
		{EAE11EE5-9C45-46E5-8556-3542872C0DF9}.Release|Any CPU.ActiveCfg = Release|Any CPU
		{EAE11EE5-9C45-46E5-8556-3542872C0DF9}.Release|Any CPU.Build.0 = Release|Any CPU
		{3102E726-7434-4995-98C8-754FC965A928}.Debug|Any CPU.ActiveCfg = Debug|Any CPU
		{3102E726-7434-4995-98C8-754FC965A928}.Debug|Any CPU.Build.0 = Debug|Any CPU
		{3102E726-7434-4995-98C8-754FC965A928}.Release|Any CPU.ActiveCfg = Release|Any CPU
		{3102E726-7434-4995-98C8-754FC965A928}.Release|Any CPU.Build.0 = Release|Any CPU
		{976FDB35-B451-4754-A820-A9B225638254}.Debug|Any CPU.ActiveCfg = Debug|Any CPU
		{976FDB35-B451-4754-A820-A9B225638254}.Debug|Any CPU.Build.0 = Debug|Any CPU
		{976FDB35-B451-4754-A820-A9B225638254}.Release|Any CPU.ActiveCfg = Release|Any CPU
		{976FDB35-B451-4754-A820-A9B225638254}.Release|Any CPU.Build.0 = Release|Any CPU
		{12092702-373A-4C92-A31B-2DB9DFB3CBED}.Debug|Any CPU.ActiveCfg = Debug|Any CPU
		{12092702-373A-4C92-A31B-2DB9DFB3CBED}.Debug|Any CPU.Build.0 = Debug|Any CPU
		{12092702-373A-4C92-A31B-2DB9DFB3CBED}.Release|Any CPU.ActiveCfg = Release|Any CPU
		{12092702-373A-4C92-A31B-2DB9DFB3CBED}.Release|Any CPU.Build.0 = Release|Any CPU
		{71F863E2-AD2E-49A3-BA2B-8007327811A2}.Debug|Any CPU.ActiveCfg = Debug|Any CPU
		{71F863E2-AD2E-49A3-BA2B-8007327811A2}.Debug|Any CPU.Build.0 = Debug|Any CPU
		{71F863E2-AD2E-49A3-BA2B-8007327811A2}.Release|Any CPU.ActiveCfg = Release|Any CPU
		{71F863E2-AD2E-49A3-BA2B-8007327811A2}.Release|Any CPU.Build.0 = Release|Any CPU
		{8CAFFBC4-B076-43CC-9D75-FFCCDAA17275}.Debug|Any CPU.ActiveCfg = Debug|Any CPU
		{8CAFFBC4-B076-43CC-9D75-FFCCDAA17275}.Debug|Any CPU.Build.0 = Debug|Any CPU
		{8CAFFBC4-B076-43CC-9D75-FFCCDAA17275}.Release|Any CPU.ActiveCfg = Release|Any CPU
		{8CAFFBC4-B076-43CC-9D75-FFCCDAA17275}.Release|Any CPU.Build.0 = Release|Any CPU
		{B9AEDD22-103F-4448-B68D-9857983AFD6A}.Debug|Any CPU.ActiveCfg = Debug|Any CPU
		{B9AEDD22-103F-4448-B68D-9857983AFD6A}.Debug|Any CPU.Build.0 = Debug|Any CPU
		{B9AEDD22-103F-4448-B68D-9857983AFD6A}.Release|Any CPU.ActiveCfg = Release|Any CPU
		{B9AEDD22-103F-4448-B68D-9857983AFD6A}.Release|Any CPU.Build.0 = Release|Any CPU
		{689940B1-5792-4934-927A-515B00F84AF7}.Debug|Any CPU.ActiveCfg = Debug|Any CPU
		{689940B1-5792-4934-927A-515B00F84AF7}.Debug|Any CPU.Build.0 = Debug|Any CPU
		{689940B1-5792-4934-927A-515B00F84AF7}.Release|Any CPU.ActiveCfg = Release|Any CPU
		{689940B1-5792-4934-927A-515B00F84AF7}.Release|Any CPU.Build.0 = Release|Any CPU
		{CB68C26A-8789-4101-BA7D-A09E4695C2C2}.Debug|Any CPU.ActiveCfg = Debug|Any CPU
		{CB68C26A-8789-4101-BA7D-A09E4695C2C2}.Debug|Any CPU.Build.0 = Debug|Any CPU
		{CB68C26A-8789-4101-BA7D-A09E4695C2C2}.Release|Any CPU.ActiveCfg = Release|Any CPU
		{CB68C26A-8789-4101-BA7D-A09E4695C2C2}.Release|Any CPU.Build.0 = Release|Any CPU
		{F535CDF3-AA31-45AE-AACF-F62E38995F55}.Debug|Any CPU.ActiveCfg = Debug|Any CPU
		{F535CDF3-AA31-45AE-AACF-F62E38995F55}.Debug|Any CPU.Build.0 = Debug|Any CPU
		{F535CDF3-AA31-45AE-AACF-F62E38995F55}.Release|Any CPU.ActiveCfg = Release|Any CPU
		{F535CDF3-AA31-45AE-AACF-F62E38995F55}.Release|Any CPU.Build.0 = Release|Any CPU
		{0DFF5902-A5C3-41F8-B1B2-B82FDD7D58C0}.Debug|Any CPU.ActiveCfg = Debug|Any CPU
		{0DFF5902-A5C3-41F8-B1B2-B82FDD7D58C0}.Debug|Any CPU.Build.0 = Debug|Any CPU
		{0DFF5902-A5C3-41F8-B1B2-B82FDD7D58C0}.Release|Any CPU.ActiveCfg = Release|Any CPU
		{0DFF5902-A5C3-41F8-B1B2-B82FDD7D58C0}.Release|Any CPU.Build.0 = Release|Any CPU
		{B79E8087-192F-478D-A30D-7DC45663DD75}.Debug|Any CPU.ActiveCfg = Debug|Any CPU
		{B79E8087-192F-478D-A30D-7DC45663DD75}.Debug|Any CPU.Build.0 = Debug|Any CPU
		{B79E8087-192F-478D-A30D-7DC45663DD75}.Release|Any CPU.ActiveCfg = Release|Any CPU
		{B79E8087-192F-478D-A30D-7DC45663DD75}.Release|Any CPU.Build.0 = Release|Any CPU
		{D6F28E00-D467-41C4-B417-5A43CF145D26}.Debug|Any CPU.ActiveCfg = Debug|Any CPU
		{D6F28E00-D467-41C4-B417-5A43CF145D26}.Debug|Any CPU.Build.0 = Debug|Any CPU
		{D6F28E00-D467-41C4-B417-5A43CF145D26}.Release|Any CPU.ActiveCfg = Release|Any CPU
		{D6F28E00-D467-41C4-B417-5A43CF145D26}.Release|Any CPU.Build.0 = Release|Any CPU
	EndGlobalSection
	GlobalSection(SolutionProperties) = preSolution
		HideSolutionNode = FALSE
	EndGlobalSection
	GlobalSection(NestedProjects) = preSolution
		{513E20AF-5E45-4E1B-BE88-3722F3AAAB51} = {A72F20BB-39FA-43E8-B1DE-5E6C8152B031}
		{E59E657C-EA7A-434D-97A8-9AF57EE00508} = {A72F20BB-39FA-43E8-B1DE-5E6C8152B031}
		{BB934E01-A538-4FF0-BCC1-745C96DCFB72} = {B3BC2783-9209-4457-AF20-0483D5EE8AD1}
		{558DFDE9-7739-4705-8BE2-D7DE3068BAA1} = {B3BC2783-9209-4457-AF20-0483D5EE8AD1}
		{605C3E52-AFE3-47CF-9CE7-44BB63568272} = {5EE45345-3FDC-48EA-9D1A-4F9EFDF95E9D}
		{102BD0E3-E3CD-4C12-AC93-6DF2417D7D7C} = {5EE45345-3FDC-48EA-9D1A-4F9EFDF95E9D}
		{9699290E-807A-4ECC-AF9F-DBC70AECB3C3} = {89DED25E-8198-4931-9529-D47F968D07F1}
		{5B12B000-DC5E-4A44-8ABD-7C0924ED660F} = {89DED25E-8198-4931-9529-D47F968D07F1}
		{EAE11EE5-9C45-46E5-8556-3542872C0DF9} = {CB25C466-C8E0-4E19-8541-A0EC531F78E9}
		{3102E726-7434-4995-98C8-754FC965A928} = {CB25C466-C8E0-4E19-8541-A0EC531F78E9}
		{976FDB35-B451-4754-A820-A9B225638254} = {E3C5E928-B46B-4446-9007-F803C7493694}
		{12092702-373A-4C92-A31B-2DB9DFB3CBED} = {E3C5E928-B46B-4446-9007-F803C7493694}
		{71F863E2-AD2E-49A3-BA2B-8007327811A2} = {D944EEBD-BD38-4254-A2ED-40C13713A5A8}
		{8CAFFBC4-B076-43CC-9D75-FFCCDAA17275} = {D944EEBD-BD38-4254-A2ED-40C13713A5A8}
		{B9AEDD22-103F-4448-B68D-9857983AFD6A} = {A72F20BB-39FA-43E8-B1DE-5E6C8152B031}
		{689940B1-5792-4934-927A-515B00F84AF7} = {B3BC2783-9209-4457-AF20-0483D5EE8AD1}
		{CB68C26A-8789-4101-BA7D-A09E4695C2C2} = {5EE45345-3FDC-48EA-9D1A-4F9EFDF95E9D}
		{F535CDF3-AA31-45AE-AACF-F62E38995F55} = {89DED25E-8198-4931-9529-D47F968D07F1}
		{0DFF5902-A5C3-41F8-B1B2-B82FDD7D58C0} = {CB25C466-C8E0-4E19-8541-A0EC531F78E9}
		{B79E8087-192F-478D-A30D-7DC45663DD75} = {E3C5E928-B46B-4446-9007-F803C7493694}
		{D6F28E00-D467-41C4-B417-5A43CF145D26} = {D944EEBD-BD38-4254-A2ED-40C13713A5A8}
	EndGlobalSection
	GlobalSection(ExtensibilityGlobals) = postSolution
		SolutionGuid = {1BF21A99-3C38-4FC1-8AE6-CA2CEB3F8AE6}
	EndGlobalSection
EndGlobal
